
Microsoft Visual Studio Solution File, Format Version 12.00
# Visual Studio Version 16
VisualStudioVersion = 16.0.30413.136
MinimumVisualStudioVersion = 10.0.40219.1
Project("{FAE04EC0-301F-11D3-BF4B-00C04F79EFBC}") = "Calculator", "Calculator\Calculator.csproj", "{0CB8A602-F804-41DB-A840-FC9F4D5FAFB6}"
EndProject
Project("{FAE04EC0-301F-11D3-BF4B-00C04F79EFBC}") = "CalculatorLib", "CalculatorLib\CalculatorLib.csproj", "{5EA120DA-C956-4DD2-80D7-BC3A45739BF4}"
EndProject
Project("{FAE04EC0-301F-11D3-BF4B-00C04F79EFBC}") = "CalculatorTest", "CalculatorTest\CalculatorTest.csproj", "{7E0B5C1E-4A04-41A2-80B6-3F2EB5A1B273}"
EndProject
Project("{FAE04EC0-301F-11D3-BF4B-00C04F79EFBC}") = "CalculatorAPI", "CalculatorAPI\CalculatorAPI.csproj", "{E78700E8-8E25-4CBB-A4FE-28C855BC0007}"
EndProject
Global
	GlobalSection(SolutionConfigurationPlatforms) = preSolution
		Debug|Any CPU = Debug|Any CPU
		Release|Any CPU = Release|Any CPU
	EndGlobalSection
	GlobalSection(ProjectConfigurationPlatforms) = postSolution
		{0CB8A602-F804-41DB-A840-FC9F4D5FAFB6}.Debug|Any CPU.ActiveCfg = Debug|Any CPU
		{0CB8A602-F804-41DB-A840-FC9F4D5FAFB6}.Debug|Any CPU.Build.0 = Debug|Any CPU
		{0CB8A602-F804-41DB-A840-FC9F4D5FAFB6}.Release|Any CPU.ActiveCfg = Release|Any CPU
		{0CB8A602-F804-41DB-A840-FC9F4D5FAFB6}.Release|Any CPU.Build.0 = Release|Any CPU
		{5EA120DA-C956-4DD2-80D7-BC3A45739BF4}.Debug|Any CPU.ActiveCfg = Debug|Any CPU
		{5EA120DA-C956-4DD2-80D7-BC3A45739BF4}.Debug|Any CPU.Build.0 = Debug|Any CPU
		{5EA120DA-C956-4DD2-80D7-BC3A45739BF4}.Release|Any CPU.ActiveCfg = Release|Any CPU
		{5EA120DA-C956-4DD2-80D7-BC3A45739BF4}.Release|Any CPU.Build.0 = Release|Any CPU
		{7E0B5C1E-4A04-41A2-80B6-3F2EB5A1B273}.Debug|Any CPU.ActiveCfg = Debug|Any CPU
		{7E0B5C1E-4A04-41A2-80B6-3F2EB5A1B273}.Debug|Any CPU.Build.0 = Debug|Any CPU
		{7E0B5C1E-4A04-41A2-80B6-3F2EB5A1B273}.Release|Any CPU.ActiveCfg = Release|Any CPU
		{7E0B5C1E-4A04-41A2-80B6-3F2EB5A1B273}.Release|Any CPU.Build.0 = Release|Any CPU
		{E78700E8-8E25-4CBB-A4FE-28C855BC0007}.Debug|Any CPU.ActiveCfg = Debug|Any CPU
		{E78700E8-8E25-4CBB-A4FE-28C855BC0007}.Debug|Any CPU.Build.0 = Debug|Any CPU
		{E78700E8-8E25-4CBB-A4FE-28C855BC0007}.Release|Any CPU.ActiveCfg = Release|Any CPU
		{E78700E8-8E25-4CBB-A4FE-28C855BC0007}.Release|Any CPU.Build.0 = Release|Any CPU
	EndGlobalSection
	GlobalSection(SolutionProperties) = preSolution
		HideSolutionNode = FALSE
	EndGlobalSection
	GlobalSection(ExtensibilityGlobals) = postSolution
		SolutionGuid = {59FF7791-E796-4421-BDF4-9E8177F0BFFB}
	EndGlobalSection
EndGlobal
